github.com/nixpare/logger v1.1.9 h1:5yZZSjkEqgcXZfnlz7IKnW8fx7SitECc87Xpw/kuXik=
github.com/nixpare/logger v1.1.9/go.mod h1:2k39FBc5lNeHo3K84bOMjvd+HOZsIe+k4EO09tu+wF4=
github.com/nixpare/logger v1.1.10 h1:PwQFhdvdWIq6FvwCobidJIMpubtAfq2EVeJirSauQsE=
github.com/nixpare/logger v1.1.10/go.mod h1:2k39FBc5lNeHo3K84bOMjvd+HOZsIe+k4EO09tu+wF4=
github.com/nixpare/logger v1.1.11 h1:2fYYh8Z0/v+UVa9K9zRzVziiaGjF/Jt80thpTzvJX/s=
github.com/nixpare/logger v1.1.11/go.mod h1:2k39FBc5lNeHo3K84bOMjvd+HOZsIe+k4EO09tu+wF4=
github.com/nixpare/logger v1.1.12 h1:KQjqVUzXbKpNYMkaSAVwULT7hLRIkwQn22oUxnU35+I=
github.com/nixpare/logger v1.1.12/go.mod h1:2k39FBc5lNeHo3K84bOMjvd+HOZsIe+k4EO09tu+wF4=
github.com/nixpare/logger v1.1.13 h1:lrIRSxEISPdOiNWgkvVysEbP57EyvNvzBxuw/e/LO+0=
github.com/nixpare/logger v1.1.13/go.mod h1:2k39FBc5lNeHo3K84bOMjvd+HOZsIe+k4EO09tu+wF4=
golang.org/x/sys v0.8.0 h1:EBmGv8NaZBZTWvrbjNoL6HVt+IVy3QDQpJs7VRIw3tU=
golang.org/x/sys v0.8.0/go.mod h1:oPkhp1MJrh7nUepCBck5+mAzfO9JrbApNNgaTdGDITg=
